
Microsoft Visual Studio Solution File, Format Version 12.00
# Visual Studio Version 17
VisualStudioVersion = 17.2.32526.322
MinimumVisualStudioVersion = 10.0.40219.1
Project("{FAE04EC0-301F-11D3-BF4B-00C04F79EFBC}") = "Products", "Products\Products.csproj", "{25D0E7F9-4FAF-45C7-85BE-5695BE8E898E}"
EndProject
Project("{FAE04EC0-301F-11D3-BF4B-00C04F79EFBC}") = "ProductsClassLibrary", "ProductsClassLibrary\ProductsClassLibrary.csproj", "{F94F3A79-FB49-404A-A011-CDB5BB716DF1}"
EndProject
Global
	GlobalSection(SolutionConfigurationPlatforms) = preSolution
		Debug|Any CPU = Debug|Any CPU
		Release|Any CPU = Release|Any CPU
	EndGlobalSection
	GlobalSection(ProjectConfigurationPlatforms) = postSolution
		{25D0E7F9-4FAF-45C7-85BE-5695BE8E898E}.Debug|Any CPU.ActiveCfg = Debug|Any CPU
		{25D0E7F9-4FAF-45C7-85BE-5695BE8E898E}.Debug|Any CPU.Build.0 = Debug|Any CPU
		{25D0E7F9-4FAF-45C7-85BE-5695BE8E898E}.Release|Any CPU.ActiveCfg = Release|Any CPU
		{25D0E7F9-4FAF-45C7-85BE-5695BE8E898E}.Release|Any CPU.Build.0 = Release|Any CPU
		{F94F3A79-FB49-404A-A011-CDB5BB716DF1}.Debug|Any CPU.ActiveCfg = Debug|Any CPU
		{F94F3A79-FB49-404A-A011-CDB5BB716DF1}.Debug|Any CPU.Build.0 = Debug|Any CPU
		{F94F3A79-FB49-404A-A011-CDB5BB716DF1}.Release|Any CPU.ActiveCfg = Release|Any CPU
		{F94F3A79-FB49-404A-A011-CDB5BB716DF1}.Release|Any CPU.Build.0 = Release|Any CPU
	EndGlobalSection
	GlobalSection(SolutionProperties) = preSolution
		HideSolutionNode = FALSE
	EndGlobalSection
	GlobalSection(ExtensibilityGlobals) = postSolution
		SolutionGuid = {84DA150C-5482-4A6D-BBD2-17A775438D76}
	EndGlobalSection
EndGlobal
