
Microsoft Visual Studio Solution File, Format Version 12.00
# Visual Studio Version 17
VisualStudioVersion = 17.2.32526.322
MinimumVisualStudioVersion = 10.0.40219.1
Project("{FAE04EC0-301F-11D3-BF4B-00C04F79EFBC}") = "FishTracker", "FishTracker\FishTracker.csproj", "{155238E9-DAC8-4608-8492-182644F159F1}"
EndProject
Global
	GlobalSection(SolutionConfigurationPlatforms) = preSolution
		Debug|Any CPU = Debug|Any CPU
		Release|Any CPU = Release|Any CPU
	EndGlobalSection
	GlobalSection(ProjectConfigurationPlatforms) = postSolution
		{155238E9-DAC8-4608-8492-182644F159F1}.Debug|Any CPU.ActiveCfg = Debug|Any CPU
		{155238E9-DAC8-4608-8492-182644F159F1}.Debug|Any CPU.Build.0 = Debug|Any CPU
		{155238E9-DAC8-4608-8492-182644F159F1}.Release|Any CPU.ActiveCfg = Release|Any CPU
		{155238E9-DAC8-4608-8492-182644F159F1}.Release|Any CPU.Build.0 = Release|Any CPU
	EndGlobalSection
	GlobalSection(SolutionProperties) = preSolution
		HideSolutionNode = FALSE
	EndGlobalSection
	GlobalSection(ExtensibilityGlobals) = postSolution
		SolutionGuid = {424EEDFD-8F09-47EB-A48B-106521C557E4}
	EndGlobalSection
EndGlobal
