
Microsoft Visual Studio Solution File, Format Version 12.00
# Visual Studio Version 17
VisualStudioVersion = 17.2.32616.157
MinimumVisualStudioVersion = 10.0.40219.1
Project("{9A19103F-16F7-4668-BE54-9A1E7A4F7556}") = "ElectricityBill", "ElectricityBill\ElectricityBill.csproj", "{A1404D10-2FEA-45D4-9FC8-81889C5DF851}"
EndProject
Project("{9A19103F-16F7-4668-BE54-9A1E7A4F7556}") = "CustomerData", "CustomerData\CustomerData.csproj", "{71FA8451-28DD-4B58-AD2C-D746E24BEA86}"
EndProject
Project("{FAE04EC0-301F-11D3-BF4B-00C04F79EFBC}") = "CustomerDataTests", "CustomerDataTests\CustomerDataTests.csproj", "{5F7CC966-1F30-429E-A6CF-F834965F9090}"
EndProject
Global
	GlobalSection(SolutionConfigurationPlatforms) = preSolution
		Debug|Any CPU = Debug|Any CPU
		Release|Any CPU = Release|Any CPU
	EndGlobalSection
	GlobalSection(ProjectConfigurationPlatforms) = postSolution
		{A1404D10-2FEA-45D4-9FC8-81889C5DF851}.Debug|Any CPU.ActiveCfg = Debug|Any CPU
		{A1404D10-2FEA-45D4-9FC8-81889C5DF851}.Debug|Any CPU.Build.0 = Debug|Any CPU
		{A1404D10-2FEA-45D4-9FC8-81889C5DF851}.Release|Any CPU.ActiveCfg = Release|Any CPU
		{A1404D10-2FEA-45D4-9FC8-81889C5DF851}.Release|Any CPU.Build.0 = Release|Any CPU
		{71FA8451-28DD-4B58-AD2C-D746E24BEA86}.Debug|Any CPU.ActiveCfg = Debug|Any CPU
		{71FA8451-28DD-4B58-AD2C-D746E24BEA86}.Debug|Any CPU.Build.0 = Debug|Any CPU
		{71FA8451-28DD-4B58-AD2C-D746E24BEA86}.Release|Any CPU.ActiveCfg = Release|Any CPU
		{71FA8451-28DD-4B58-AD2C-D746E24BEA86}.Release|Any CPU.Build.0 = Release|Any CPU
		{5F7CC966-1F30-429E-A6CF-F834965F9090}.Debug|Any CPU.ActiveCfg = Debug|Any CPU
		{5F7CC966-1F30-429E-A6CF-F834965F9090}.Debug|Any CPU.Build.0 = Debug|Any CPU
		{5F7CC966-1F30-429E-A6CF-F834965F9090}.Release|Any CPU.ActiveCfg = Release|Any CPU
		{5F7CC966-1F30-429E-A6CF-F834965F9090}.Release|Any CPU.Build.0 = Release|Any CPU
	EndGlobalSection
	GlobalSection(SolutionProperties) = preSolution
		HideSolutionNode = FALSE
	EndGlobalSection
	GlobalSection(ExtensibilityGlobals) = postSolution
		SolutionGuid = {1E83A38A-8737-4128-9AA4-5CB0A5AA8AC4}
	EndGlobalSection
EndGlobal
