
Microsoft Visual Studio Solution File, Format Version 12.00
# Visual Studio Version 17
VisualStudioVersion = 17.2.32526.322
MinimumVisualStudioVersion = 10.0.40219.1
Project("{FAE04EC0-301F-11D3-BF4B-00C04F79EFBC}") = "Day6Excercise2", "Day6Excercise2\Day6Excercise2.csproj", "{4AC8B1F8-FF83-428D-B631-2371BA133731}"
EndProject
Global
	GlobalSection(SolutionConfigurationPlatforms) = preSolution
		Debug|Any CPU = Debug|Any CPU
		Release|Any CPU = Release|Any CPU
	EndGlobalSection
	GlobalSection(ProjectConfigurationPlatforms) = postSolution
		{4AC8B1F8-FF83-428D-B631-2371BA133731}.Debug|Any CPU.ActiveCfg = Debug|Any CPU
		{4AC8B1F8-FF83-428D-B631-2371BA133731}.Debug|Any CPU.Build.0 = Debug|Any CPU
		{4AC8B1F8-FF83-428D-B631-2371BA133731}.Release|Any CPU.ActiveCfg = Release|Any CPU
		{4AC8B1F8-FF83-428D-B631-2371BA133731}.Release|Any CPU.Build.0 = Release|Any CPU
	EndGlobalSection
	GlobalSection(SolutionProperties) = preSolution
		HideSolutionNode = FALSE
	EndGlobalSection
	GlobalSection(ExtensibilityGlobals) = postSolution
		SolutionGuid = {D064CEC2-A845-43AF-B8FE-7346EAAAEE03}
	EndGlobalSection
EndGlobal
