
Microsoft Visual Studio Solution File, Format Version 12.00
# Visual Studio Version 17
VisualStudioVersion = 17.2.32526.322
MinimumVisualStudioVersion = 10.0.40219.1
Project("{9A19103F-16F7-4668-BE54-9A1E7A4F7556}") = "TechSupportData", "TechSupportData\TechSupportData.csproj", "{AC76527F-9EF5-42DA-A890-75BD05D90F11}"
EndProject
Project("{9A19103F-16F7-4668-BE54-9A1E7A4F7556}") = "ProductMaintenence", "ProductMaintenence\ProductMaintenence.csproj", "{13EBC074-DE7F-48E3-802F-61A4B08E0FE7}"
EndProject
Global
	GlobalSection(SolutionConfigurationPlatforms) = preSolution
		Debug|Any CPU = Debug|Any CPU
		Release|Any CPU = Release|Any CPU
	EndGlobalSection
	GlobalSection(ProjectConfigurationPlatforms) = postSolution
		{AC76527F-9EF5-42DA-A890-75BD05D90F11}.Debug|Any CPU.ActiveCfg = Debug|Any CPU
		{AC76527F-9EF5-42DA-A890-75BD05D90F11}.Debug|Any CPU.Build.0 = Debug|Any CPU
		{AC76527F-9EF5-42DA-A890-75BD05D90F11}.Release|Any CPU.ActiveCfg = Release|Any CPU
		{AC76527F-9EF5-42DA-A890-75BD05D90F11}.Release|Any CPU.Build.0 = Release|Any CPU
		{13EBC074-DE7F-48E3-802F-61A4B08E0FE7}.Debug|Any CPU.ActiveCfg = Debug|Any CPU
		{13EBC074-DE7F-48E3-802F-61A4B08E0FE7}.Debug|Any CPU.Build.0 = Debug|Any CPU
		{13EBC074-DE7F-48E3-802F-61A4B08E0FE7}.Release|Any CPU.ActiveCfg = Release|Any CPU
		{13EBC074-DE7F-48E3-802F-61A4B08E0FE7}.Release|Any CPU.Build.0 = Release|Any CPU
	EndGlobalSection
	GlobalSection(SolutionProperties) = preSolution
		HideSolutionNode = FALSE
	EndGlobalSection
	GlobalSection(ExtensibilityGlobals) = postSolution
		SolutionGuid = {E7D31169-0B86-49C5-BA86-5A6D07AFDA3D}
	EndGlobalSection
EndGlobal
