
Microsoft Visual Studio Solution File, Format Version 12.00
# Visual Studio Version 17
VisualStudioVersion = 17.2.32526.322
MinimumVisualStudioVersion = 10.0.40219.1
Project("{FAE04EC0-301F-11D3-BF4B-00C04F79EFBC}") = "Day6Excercise", "Day6Excercise\Day6Excercise.csproj", "{A1BC8A2C-A4AE-4BAF-892C-2E14DCAD996C}"
EndProject
Project("{FAE04EC0-301F-11D3-BF4B-00C04F79EFBC}") = "Day6ExcerciseTests", "Day6ExcerciseTests\Day6ExcerciseTests.csproj", "{BDEBAF3B-AEFD-4FF4-AA1F-C58A243187F1}"
EndProject
Global
	GlobalSection(SolutionConfigurationPlatforms) = preSolution
		Debug|Any CPU = Debug|Any CPU
		Release|Any CPU = Release|Any CPU
	EndGlobalSection
	GlobalSection(ProjectConfigurationPlatforms) = postSolution
		{A1BC8A2C-A4AE-4BAF-892C-2E14DCAD996C}.Debug|Any CPU.ActiveCfg = Debug|Any CPU
		{A1BC8A2C-A4AE-4BAF-892C-2E14DCAD996C}.Debug|Any CPU.Build.0 = Debug|Any CPU
		{A1BC8A2C-A4AE-4BAF-892C-2E14DCAD996C}.Release|Any CPU.ActiveCfg = Release|Any CPU
		{A1BC8A2C-A4AE-4BAF-892C-2E14DCAD996C}.Release|Any CPU.Build.0 = Release|Any CPU
		{BDEBAF3B-AEFD-4FF4-AA1F-C58A243187F1}.Debug|Any CPU.ActiveCfg = Debug|Any CPU
		{BDEBAF3B-AEFD-4FF4-AA1F-C58A243187F1}.Debug|Any CPU.Build.0 = Debug|Any CPU
		{BDEBAF3B-AEFD-4FF4-AA1F-C58A243187F1}.Release|Any CPU.ActiveCfg = Release|Any CPU
		{BDEBAF3B-AEFD-4FF4-AA1F-C58A243187F1}.Release|Any CPU.Build.0 = Release|Any CPU
	EndGlobalSection
	GlobalSection(SolutionProperties) = preSolution
		HideSolutionNode = FALSE
	EndGlobalSection
	GlobalSection(ExtensibilityGlobals) = postSolution
		SolutionGuid = {D6481B39-30E0-47CE-91C7-F9C08C338555}
	EndGlobalSection
EndGlobal
